// !$*UTF8*$!
{
	archiveVersion = 1;
	classes = {
	};
	objectVersion = 46;
	objects = {

/* Begin PBXBuildFile section */
		C201F829194D9E35009A1241 /* Foundation.framework in Frameworks */ = {isa = PBXBuildFile; fileRef = C201F828194D9E35009A1241 /* Foundation.framework */; };
		C201F82B194D9E35009A1241 /* CoreGraphics.framework in Frameworks */ = {isa = PBXBuildFile; fileRef = C201F82A194D9E35009A1241 /* CoreGraphics.framework */; };
		C201F82D194D9E35009A1241 /* UIKit.framework in Frameworks */ = {isa = PBXBuildFile; fileRef = C201F82C194D9E35009A1241 /* UIKit.framework */; };
		C201F833194D9E35009A1241 /* InfoPlist.strings in Resources */ = {isa = PBXBuildFile; fileRef = C201F831194D9E35009A1241 /* InfoPlist.strings */; };
		C201F835194D9E35009A1241 /* main.m in Sources */ = {isa = PBXBuildFile; fileRef = C201F834194D9E35009A1241 /* main.m */; };
		C201F839194D9E35009A1241 /* AppDelegate.m in Sources */ = {isa = PBXBuildFile; fileRef = C201F838194D9E35009A1241 /* AppDelegate.m */; };
		C201F83B194D9E35009A1241 /* Images.xcassets in Resources */ = {isa = PBXBuildFile; fileRef = C201F83A194D9E35009A1241 /* Images.xcassets */; };
		C201F842194D9E35009A1241 /* XCTest.framework in Frameworks */ = {isa = PBXBuildFile; fileRef = C201F841194D9E35009A1241 /* XCTest.framework */; };
		C201F843194D9E35009A1241 /* Foundation.framework in Frameworks */ = {isa = PBXBuildFile; fileRef = C201F828194D9E35009A1241 /* Foundation.framework */; };
		C201F844194D9E35009A1241 /* UIKit.framework in Frameworks */ = {isa = PBXBuildFile; fileRef = C201F82C194D9E35009A1241 /* UIKit.framework */; };
		C201F84C194D9E35009A1241 /* InfoPlist.strings in Resources */ = {isa = PBXBuildFile; fileRef = C201F84A194D9E35009A1241 /* InfoPlist.strings */; };
		C201F84E194D9E35009A1241 /* __Tests.m in Sources */ = {isa = PBXBuildFile; fileRef = C201F84D194D9E35009A1241 /* __Tests.m */; };
		C201F859194DA08F009A1241 /* RootViewController.m in Sources */ = {isa = PBXBuildFile; fileRef = C201F858194DA08F009A1241 /* RootViewController.m */; };
		C201F85C194DA0D7009A1241 /* DoodleView.m in Sources */ = {isa = PBXBuildFile; fileRef = C201F85B194DA0D7009A1241 /* DoodleView.m */; };
/* End PBXBuildFile section */

/* Begin PBXContainerItemProxy section */
		C201F845194D9E35009A1241 /* PBXContainerItemProxy */ = {
			isa = PBXContainerItemProxy;
			containerPortal = C201F81D194D9E35009A1241 /* Project object */;
			proxyType = 1;
			remoteGlobalIDString = C201F824194D9E35009A1241;
			remoteInfo = "绘图";
		};
/* End PBXContainerItemProxy section */

/* Begin PBXFileReference section */
		C201F825194D9E35009A1241 /* 绘图.app */ = {isa = PBXFileReference; explicitFileType = wrapper.application; includeInIndex = 0; path = "绘图.app"; sourceTree = BUILT_PRODUCTS_DIR; };
		C201F828194D9E35009A1241 /* Foundation.framework */ = {isa = PBXFileReference; lastKnownFileType = wrapper.framework; name = Foundation.framework; path = System/Library/Frameworks/Foundation.framework; sourceTree = SDKROOT; };
		C201F82A194D9E35009A1241 /* CoreGraphics.framework */ = {isa = PBXFileReference; lastKnownFileType = wrapper.framework; name = CoreGraphics.framework; path = System/Library/Frameworks/CoreGraphics.framework; sourceTree = SDKROOT; };
		C201F82C194D9E35009A1241 /* UIKit.framework */ = {isa = PBXFileReference; lastKnownFileType = wrapper.framework; name = UIKit.framework; path = System/Library/Frameworks/UIKit.framework; sourceTree = SDKROOT; };
		C201F830194D9E35009A1241 /* 绘图-Info.plist */ = {isa = PBXFileReference; lastKnownFileType = text.plist.xml; path = "绘图-Info.plist"; sourceTree = "<group>"; };
		C201F832194D9E35009A1241 /* en */ = {isa = PBXFileReference; lastKnownFileType = text.plist.strings; name = en; path = en.lproj/InfoPlist.strings; sourceTree = "<group>"; };
		C201F834194D9E35009A1241 /* main.m */ = {isa = PBXFileReference; lastKnownFileType = sourcecode.c.objc; path = main.m; sourceTree = "<group>"; };
		C201F836194D9E35009A1241 /* 绘图-Prefix.pch */ = {isa = PBXFileReference; lastKnownFileType = sourcecode.c.h; path = "绘图-Prefix.pch"; sourceTree = "<group>"; };
		C201F837194D9E35009A1241 /* AppDelegate.h */ = {isa = PBXFileReference; lastKnownFileType = sourcecode.c.h; path = AppDelegate.h; sourceTree = "<group>"; };
		C201F838194D9E35009A1241 /* AppDelegate.m */ = {isa = PBXFileReference; lastKnownFileType = sourcecode.c.objc; path = AppDelegate.m; sourceTree = "<group>"; };
		C201F83A194D9E35009A1241 /* Images.xcassets */ = {isa = PBXFileReference; lastKnownFileType = folder.assetcatalog; path = Images.xcassets; sourceTree = "<group>"; };
		C201F840194D9E35009A1241 /* 绘图Tests.xctest */ = {isa = PBXFileReference; explicitFileType = wrapper.cfbundle; includeInIndex = 0; path = "绘图Tests.xctest"; sourceTree = BUILT_PRODUCTS_DIR; };
		C201F841194D9E35009A1241 /* XCTest.framework */ = {isa = PBXFileReference; lastKnownFileType = wrapper.framework; name = XCTest.framework; path = Library/Frameworks/XCTest.framework; sourceTree = DEVELOPER_DIR; };
		C201F849194D9E35009A1241 /* 绘图Tests-Info.plist */ = {isa = PBXFileReference; lastKnownFileType = text.plist.xml; path = "绘图Tests-Info.plist"; sourceTree = "<group>"; };
		C201F84B194D9E35009A1241 /* en */ = {isa = PBXFileReference; lastKnownFileType = text.plist.strings; name = en; path = en.lproj/InfoPlist.strings; sourceTree = "<group>"; };
		C201F84D194D9E35009A1241 /* __Tests.m */ = {isa = PBXFileReference; lastKnownFileType = sourcecode.c.objc; path = __Tests.m; sourceTree = "<group>"; };
		C201F857194DA08F009A1241 /* RootViewController.h */ = {isa = PBXFileReference; fileEncoding = 4; lastKnownFileType = sourcecode.c.h; path = RootViewController.h; sourceTree = "<group>"; };
		C201F858194DA08F009A1241 /* RootViewController.m */ = {isa = PBXFileReference; fileEncoding = 4; lastKnownFileType = sourcecode.c.objc; path = RootViewController.m; sourceTree = "<group>"; };
		C201F85A194DA0D7009A1241 /* DoodleView.h */ = {isa = PBXFileReference; fileEncoding = 4; lastKnownFileType = sourcecode.c.h; path = DoodleView.h; sourceTree = "<group>"; };
		C201F85B194DA0D7009A1241 /* DoodleView.m */ = {isa = PBXFileReference; fileEncoding = 4; lastKnownFileType = sourcecode.c.objc; path = DoodleView.m; sourceTree = "<group>"; };
/* End PBXFileReference section */

/* Begin PBXFrameworksBuildPhase section */
		C201F822194D9E35009A1241 /* Frameworks */ = {
			isa = PBXFrameworksBuildPhase;
			buildActionMask = 2147483647;
			files = (
				C201F82B194D9E35009A1241 /* CoreGraphics.framework in Frameworks */,
				C201F82D194D9E35009A1241 /* UIKit.framework in Frameworks */,
				C201F829194D9E35009A1241 /* Foundation.framework in Frameworks */,
			);
			runOnlyForDeploymentPostprocessing = 0;
		};
		C201F83D194D9E35009A1241 /* Frameworks */ = {
			isa = PBXFrameworksBuildPhase;
			buildActionMask = 2147483647;
			files = (
				C201F842194D9E35009A1241 /* XCTest.framework in Frameworks */,
				C201F844194D9E35009A1241 /* UIKit.framework in Frameworks */,
				C201F843194D9E35009A1241 /* Foundation.framework in Frameworks */,
			);
			runOnlyForDeploymentPostprocessing = 0;
		};
/* End PBXFrameworksBuildPhase section */

/* Begin PBXGroup section */
		C201F81C194D9E35009A1241 = {
			isa = PBXGroup;
			children = (
				C201F82E194D9E35009A1241 /* 绘图 */,
				C201F847194D9E35009A1241 /* 绘图Tests */,
				C201F827194D9E35009A1241 /* Frameworks */,
				C201F826194D9E35009A1241 /* Products */,
			);
			sourceTree = "<group>";
		};
		C201F826194D9E35009A1241 /* Products */ = {
			isa = PBXGroup;
			children = (
				C201F825194D9E35009A1241 /* 绘图.app */,
				C201F840194D9E35009A1241 /* 绘图Tests.xctest */,
			);
			name = Products;
			sourceTree = "<group>";
		};
		C201F827194D9E35009A1241 /* Frameworks */ = {
			isa = PBXGroup;
			children = (
				C201F828194D9E35009A1241 /* Foundation.framework */,
				C201F82A194D9E35009A1241 /* CoreGraphics.framework */,
				C201F82C194D9E35009A1241 /* UIKit.framework */,
				C201F841194D9E35009A1241 /* XCTest.framework */,
			);
			name = Frameworks;
			sourceTree = "<group>";
		};
		C201F82E194D9E35009A1241 /* 绘图 */ = {
			isa = PBXGroup;
			children = (
				C201F837194D9E35009A1241 /* AppDelegate.h */,
				C201F838194D9E35009A1241 /* AppDelegate.m */,
				C201F857194DA08F009A1241 /* RootViewController.h */,
				C201F858194DA08F009A1241 /* RootViewController.m */,
				C201F85A194DA0D7009A1241 /* DoodleView.h */,
				C201F85B194DA0D7009A1241 /* DoodleView.m */,
				C201F83A194D9E35009A1241 /* Images.xcassets */,
				C201F82F194D9E35009A1241 /* Supporting Files */,
			);
			path = "绘图";
			sourceTree = "<group>";
		};
		C201F82F194D9E35009A1241 /* Supporting Files */ = {
			isa = PBXGroup;
			children = (
				C201F830194D9E35009A1241 /* 绘图-Info.plist */,
				C201F831194D9E35009A1241 /* InfoPlist.strings */,
				C201F834194D9E35009A1241 /* main.m */,
				C201F836194D9E35009A1241 /* 绘图-Prefix.pch */,
			);
			name = "Supporting Files";
			sourceTree = "<group>";
		};
		C201F847194D9E35009A1241 /* 绘图Tests */ = {
			isa = PBXGroup;
			children = (
				C201F84D194D9E35009A1241 /* __Tests.m */,
				C201F848194D9E35009A1241 /* Supporting Files */,
			);
			path = "绘图Tests";
			sourceTree = "<group>";
		};
		C201F848194D9E35009A1241 /* Supporting Files */ = {
			isa = PBXGroup;
			children = (
				C201F849194D9E35009A1241 /* 绘图Tests-Info.plist */,
				C201F84A194D9E35009A1241 /* InfoPlist.strings */,
			);
			name = "Supporting Files";
			sourceTree = "<group>";
		};
/* End PBXGroup section */

/* Begin PBXNativeTarget section */
		C201F824194D9E35009A1241 /* 绘图 */ = {
			isa = PBXNativeTarget;
			buildConfigurationList = C201F851194D9E35009A1241 /* Build configuration list for PBXNativeTarget "绘图" */;
			buildPhases = (
				C201F821194D9E35009A1241 /* Sources */,
				C201F822194D9E35009A1241 /* Frameworks */,
				C201F823194D9E35009A1241 /* Resources */,
			);
			buildRules = (
			);
			dependencies = (
			);
			name = "绘图";
			productName = "绘图";
			productReference = C201F825194D9E35009A1241 /* 绘图.app */;
			productType = "com.apple.product-type.application";
		};
		C201F83F194D9E35009A1241 /* 绘图Tests */ = {
			isa = PBXNativeTarget;
			buildConfigurationList = C201F854194D9E35009A1241 /* Build configuration list for PBXNativeTarget "绘图Tests" */;
			buildPhases = (
				C201F83C194D9E35009A1241 /* Sources */,
				C201F83D194D9E35009A1241 /* Frameworks */,
				C201F83E194D9E35009A1241 /* Resources */,
			);
			buildRules = (
			);
			dependencies = (
				C201F846194D9E35009A1241 /* PBXTargetDependency */,
			);
			name = "绘图Tests";
			productName = "绘图Tests";
			productReference = C201F840194D9E35009A1241 /* 绘图Tests.xctest */;
			productType = "com.apple.product-type.bundle.unit-test";
		};
/* End PBXNativeTarget section */

/* Begin PBXProject section */
		C201F81D194D9E35009A1241 /* Project object */ = {
			isa = PBXProject;
			attributes = {
				LastUpgradeCheck = 0510;
				ORGANIZATIONNAME = "___FULLUSERNAME___";
				TargetAttributes = {
					C201F83F194D9E35009A1241 = {
						TestTargetID = C201F824194D9E35009A1241;
					};
				};
			};
			buildConfigurationList = C201F820194D9E35009A1241 /* Build configuration list for PBXProject "绘图" */;
			compatibilityVersion = "Xcode 3.2";
			developmentRegion = English;
			hasScannedForEncodings = 0;
			knownRegions = (
				en,
			);
			mainGroup = C201F81C194D9E35009A1241;
			productRefGroup = C201F826194D9E35009A1241 /* Products */;
			projectDirPath = "";
			projectRoot = "";
			targets = (
				C201F824194D9E35009A1241 /* 绘图 */,
				C201F83F194D9E35009A1241 /* 绘图Tests */,
			);
		};
/* End PBXProject section */

/* Begin PBXResourcesBuildPhase section */
		C201F823194D9E35009A1241 /* Resources */ = {
			isa = PBXResourcesBuildPhase;
			buildActionMask = 2147483647;
			files = (
				C201F833194D9E35009A1241 /* InfoPlist.strings in Resources */,
				C201F83B194D9E35009A1241 /* Images.xcassets in Resources */,
			);
			runOnlyForDeploymentPostprocessing = 0;
		};
		C201F83E194D9E35009A1241 /* Resources */ = {
			isa = PBXResourcesBuildPhase;
			buildActionMask = 2147483647;
			files = (
				C201F84C194D9E35009A1241 /* InfoPlist.strings in Resources */,
			);
			runOnlyForDeploymentPostprocessing = 0;
		};
/* End PBXResourcesBuildPhase section */

/* Begin PBXSourcesBuildPhase section */
		C201F821194D9E35009A1241 /* Sources */ = {
			isa = PBXSourcesBuildPhase;
			buildActionMask = 2147483647;
			files = (
				C201F839194D9E35009A1241 /* AppDelegate.m in Sources */,
				C201F85C194DA0D7009A1241 /* DoodleView.m in Sources */,
				C201F835194D9E35009A1241 /* main.m in Sources */,
				C201F859194DA08F009A1241 /* RootViewController.m in Sources */,
			);
			runOnlyForDeploymentPostprocessing = 0;
		};
		C201F83C194D9E35009A1241 /* Sources */ = {
			isa = PBXSourcesBuildPhase;
			buildActionMask = 2147483647;
			files = (
				C201F84E194D9E35009A1241 /* __Tests.m in Sources */,
			);
			runOnlyForDeploymentPostprocessing = 0;
		};
/* End PBXSourcesBuildPhase section */

/* Begin PBXTargetDependency section */
		C201F846194D9E35009A1241 /* PBXTargetDependency */ = {
			isa = PBXTargetDependency;
			target = C201F824194D9E35009A1241 /* 绘图 */;
			targetProxy = C201F845194D9E35009A1241 /* PBXContainerItemProxy */;
		};
/* End PBXTargetDependency section */

/* Begin PBXVariantGroup section */
		C201F831194D9E35009A1241 /* InfoPlist.strings */ = {
			isa = PBXVariantGroup;
			children = (
				C201F832194D9E35009A1241 /* en */,
			);
			name = InfoPlist.strings;
			sourceTree = "<group>";
		};
		C201F84A194D9E35009A1241 /* InfoPlist.strings */ = {
			isa = PBXVariantGroup;
			children = (
				C201F84B194D9E35009A1241 /* en */,
			);
			name = InfoPlist.strings;
			sourceTree = "<group>";
		};
/* End PBXVariantGroup section */

/* Begin XCBuildConfiguration section */
		C201F84F194D9E35009A1241 /* Debug */ = {
			isa = XCBuildConfiguration;
			buildSettings = {
				ALWAYS_SEARCH_USER_PATHS = NO;
				CLANG_CXX_LANGUAGE_STANDARD = "gnu++0x";
				CLANG_CXX_LIBRARY = "libc++";
				CLANG_ENABLE_MODULES = YES;
				CLANG_ENABLE_OBJC_ARC = YES;
				CLANG_WARN_BOOL_CONVERSION = YES;
				CLANG_WARN_CONSTANT_CONVERSION = YES;
				CLANG_WARN_DIRECT_OBJC_ISA_USAGE = YES_ERROR;
				CLANG_WARN_EMPTY_BODY = YES;
				CLANG_WARN_ENUM_CONVERSION = YES;
				CLANG_WARN_INT_CONVERSION = YES;
				CLANG_WARN_OBJC_ROOT_CLASS = YES_ERROR;
				CLANG_WARN__DUPLICATE_METHOD_MATCH = YES;
				"CODE_SIGN_IDENTITY[sdk=iphoneos*]" = "iPhone Developer";
				COPY_PHASE_STRIP = NO;
				GCC_C_LANGUAGE_STANDARD = gnu99;
				GCC_DYNAMIC_NO_PIC = NO;
				GCC_OPTIMIZATION_LEVEL = 0;
				GCC_PREPROCESSOR_DEFINITIONS = (
					"DEBUG=1",
					"$(inherited)",
				);
				GCC_SYMBOLS_PRIVATE_EXTERN = NO;
				GCC_WARN_64_TO_32_BIT_CONVERSION = YES;
				GCC_WARN_ABOUT_RETURN_TYPE = YES_ERROR;
				GCC_WARN_UNDECLARED_SELECTOR = YES;
				GCC_WARN_UNINITIALIZED_AUTOS = YES_AGGRESSIVE;
				GCC_WARN_UNUSED_FUNCTION = YES;
				GCC_WARN_UNUSED_VARIABLE = YES;
				IPHONEOS_DEPLOYMENT_TARGET = 7.1;
				ONLY_ACTIVE_ARCH = YES;
				SDKROOT = iphoneos;
			};
			name = Debug;
		};
		C201F850194D9E35009A1241 /* Release */ = {
			isa = XCBuildConfiguration;
			buildSettings = {
				ALWAYS_SEARCH_USER_PATHS = NO;
				CLANG_CXX_LANGUAGE_STANDARD = "gnu++0x";
				CLANG_CXX_LIBRARY = "libc++";
				CLANG_ENABLE_MODULES = YES;
				CLANG_ENABLE_OBJC_ARC = YES;
				CLANG_WARN_BOOL_CONVERSION = YES;
				CLANG_WARN_CONSTANT_CONVERSION = YES;
				CLANG_WARN_DIRECT_OBJC_ISA_USAGE = YES_ERROR;
				CLANG_WARN_EMPTY_BODY = YES;
				CLANG_WARN_ENUM_CONVERSION = YES;
				CLANG_WARN_INT_CONVERSION = YES;
				CLANG_WARN_OBJC_ROOT_CLASS = YES_ERROR;
				CLANG_WARN__DUPLICATE_METHOD_MATCH = YES;
				"CODE_SIGN_IDENTITY[sdk=iphoneos*]" = "iPhone Developer";
				COPY_PHASE_STRIP = YES;
				ENABLE_NS_ASSERTIONS = NO;
				GCC_C_LANGUAGE_STANDARD = gnu99;
				GCC_WARN_64_TO_32_BIT_CONVERSION = YES;
				GCC_WARN_ABOUT_RETURN_TYPE = YES_ERROR;
				GCC_WARN_UNDECLARED_SELECTOR = YES;
				GCC_WARN_UNINITIALIZED_AUTOS = YES_AGGRESSIVE;
				GCC_WARN_UNUSED_FUNCTION = YES;
				GCC_WARN_UNUSED_VARIABLE = YES;
				IPHONEOS_DEPLOYMENT_TARGET = 7.1;
				SDKROOT = iphoneos;
				VALIDATE_PRODUCT = YES;
			};
			name = Release;
		};
		C201F852194D9E35009A1241 /* Debug */ = {
			isa = XCBuildConfiguration;
			buildSettings = {
				ASSETCATALOG_COMPILER_APPICON_NAME = AppIcon;
				ASSETCATALOG_COMPILER_LAUNCHIMAGE_NAME = LaunchImage;
				CLANG_ENABLE_OBJC_ARC = NO;
				GCC_PRECOMPILE_PREFIX_HEADER = YES;
				GCC_PREFIX_HEADER = "绘图/绘图-Prefix.pch";
				INFOPLIST_FILE = "绘图/绘图-Info.plist";
				PRODUCT_NAME = "$(TARGET_NAME)";
				WRAPPER_EXTENSION = app;
			};
			name = Debug;
		};
		C201F853194D9E35009A1241 /* Release */ = {
			isa = XCBuildConfiguration;
			buildSettings = {
				ASSETCATALOG_COMPILER_APPICON_NAME = AppIcon;
				ASSETCATALOG_COMPILER_LAUNCHIMAGE_NAME = LaunchImage;
				CLANG_ENABLE_OBJC_ARC = NO;
				GCC_PRECOMPILE_PREFIX_HEADER = YES;
				GCC_PREFIX_HEADER = "绘图/绘图-Prefix.pch";
				INFOPLIST_FILE = "绘图/绘图-Info.plist";
				PRODUCT_NAME = "$(TARGET_NAME)";
				WRAPPER_EXTENSION = app;
			};
			name = Release;
		};
		C201F855194D9E35009A1241 /* Debug */ = {
			isa = XCBuildConfiguration;
			buildSettings = {
				BUNDLE_LOADER = "$(BUILT_PRODUCTS_DIR)/绘图.app/绘图";
				FRAMEWORK_SEARCH_PATHS = (
					"$(SDKROOT)/Developer/Library/Frameworks",
					"$(inherited)",
					"$(DEVELOPER_FRAMEWORKS_DIR)",
				);
				GCC_PRECOMPILE_PREFIX_HEADER = YES;
				GCC_PREFIX_HEADER = "绘图/绘图-Prefix.pch";
				GCC_PREPROCESSOR_DEFINITIONS = (
					"DEBUG=1",
					"$(inherited)",
				);
				INFOPLIST_FILE = "绘图Tests/绘图Tests-Info.plist";
				PRODUCT_NAME = "$(TARGET_NAME)";
				TEST_HOST = "$(BUNDLE_LOADER)";
				WRAPPER_EXTENSION = xctest;
			};
			name = Debug;
		};
		C201F856194D9E35009A1241 /* Release */ = {
			isa = XCBuildConfiguration;
			buildSettings = {
				BUNDLE_LOADER = "$(BUILT_PRODUCTS_DIR)/绘图.app/绘图";
				FRAMEWORK_SEARCH_PATHS = (
					"$(SDKROOT)/Developer/Library/Frameworks",
					"$(inherited)",
					"$(DEVELOPER_FRAMEWORKS_DIR)",
				);
				GCC_PRECOMPILE_PREFIX_HEADER = YES;
				GCC_PREFIX_HEADER = "绘图/绘图-Prefix.pch";
				INFOPLIST_FILE = "绘图Tests/绘图Tests-Info.plist";
				PRODUCT_NAME = "$(TARGET_NAME)";
				TEST_HOST = "$(BUNDLE_LOADER)";
				WRAPPER_EXTENSION = xctest;
			};
			name = Release;
		};
/* End XCBuildConfiguration section */

/* Begin XCConfigurationList section */
		C201F820194D9E35009A1241 /* Build configuration list for PBXProject "绘图" */ = {
			isa = XCConfigurationList;
			buildConfigurations = (
				C201F84F194D9E35009A1241 /* Debug */,
				C201F850194D9E35009A1241 /* Release */,
			);
			defaultConfigurationIsVisible = 0;
			defaultConfigurationName = Release;
		};
		C201F851194D9E35009A1241 /* Build configuration list for PBXNativeTarget "绘图" */ = {
			isa = XCConfigurationList;
			buildConfigurations = (
				C201F852194D9E35009A1241 /* Debug */,
				C201F853194D9E35009A1241 /* Release */,
			);
			defaultConfigurationIsVisible = 0;
		};
		C201F854194D9E35009A1241 /* Build configuration list for PBXNativeTarget "绘图Tests" */ = {
			isa = XCConfigurationList;
			buildConfigurations = (
				C201F855194D9E35009A1241 /* Debug */,
				C201F856194D9E35009A1241 /* Release */,
			);
			defaultConfigurationIsVisible = 0;
		};
/* End XCConfigurationList section */
	};
	rootObject = C201F81D194D9E35009A1241 /* Project object */;
}
